<Solution>
  <Folder Name="/samples/">
    <Project Path="samples/samples.csproj" />
  </Folder>
  <Folder Name="/Solution Items/">
    <File Path="Directory.Build.props" />
    <File Path="Directory.Packages.props" />
  </Folder>
  <Folder Name="/src/">
    <Project Path="src/CodexSdk.MAF/CodexSdk.MAF.csproj" Id="f8886821-0191-4bec-87a9-c83aaf5f1496" />
    <Project Path="src/CodexSdk/CodexSdk.csproj" />
  </Folder>
  <Folder Name="/tests/">
    <Project Path="tests/CodexSdk.MAF.Tests/CodexSdk.MAF.Tests.csproj" />
  </Folder>
</Solution>
